
Microsoft Visual Studio Solution File, Format Version 12.00
# Visual Studio Version 17
VisualStudioVersion = 17.2.32505.173
MinimumVisualStudioVersion = 10.0.40219.1
Project("{FAE04EC0-301F-11D3-BF4B-00C04F79EFBC}") = "TRPG_Screen_20221117", "TRPG_Screen_20221117\TRPG_Screen_20221117.csproj", "{5645F147-7D11-4A17-B1AA-AF802A66319D}"
EndProject
Global
	GlobalSection(SolutionConfigurationPlatforms) = preSolution
		Debug|Any CPU = Debug|Any CPU
		Release|Any CPU = Release|Any CPU
	EndGlobalSection
	GlobalSection(ProjectConfigurationPlatforms) = postSolution
		{5645F147-7D11-4A17-B1AA-AF802A66319D}.Debug|Any CPU.ActiveCfg = Debug|Any CPU
		{5645F147-7D11-4A17-B1AA-AF802A66319D}.Debug|Any CPU.Build.0 = Debug|Any CPU
		{5645F147-7D11-4A17-B1AA-AF802A66319D}.Release|Any CPU.ActiveCfg = Release|Any CPU
		{5645F147-7D11-4A17-B1AA-AF802A66319D}.Release|Any CPU.Build.0 = Release|Any CPU
	EndGlobalSection
	GlobalSection(SolutionProperties) = preSolution
		HideSolutionNode = FALSE
	EndGlobalSection
	GlobalSection(ExtensibilityGlobals) = postSolution
		SolutionGuid = {1441518B-3281-4AA6-B1FE-9C4C04C1853E}
	EndGlobalSection
EndGlobal
